{
    "version": 3,
    "terraform_version": "0.11.10",
    "serial": 14,
    "lineage": "1ad09326-37a8-3986-cbb9-cfa85e06d7ed",
    "modules": [
        {
            "path": [
                "root"
            ],
            "outputs": {
                "instance_id": {
                    "sensitive": false,
                    "type": "string",
                    "value": "i-0083bae5516e65780"
                },
                "instance_private_ip": {
                    "sensitive": false,
                    "type": "string",
                    "value": "172.31.86.134"
                },
                "instance_public_dns": {
                    "sensitive": false,
                    "type": "string",
                    "value": "ec2-34-239-124-74.compute-1.amazonaws.com"
                },
                "instance_public_ip": {
                    "sensitive": false,
                    "type": "string",
                    "value": "34.239.124.74"
                }
            },
            "resources": {
                "aws_instance.ml_aura": {
                    "type": "aws_instance",
                    "depends_on": [
                        "aws_security_group.default"
                    ],
                    "primary": {
                        "id": "i-0083bae5516e65780",
                        "attributes": {
                            "ami": "ami-0d3348bce8bdde5a6",
                            "arn": "arn:aws:ec2:us-east-1:687942582816:instance/i-0083bae5516e65780",
                            "associate_public_ip_address": "true",
                            "availability_zone": "us-east-1a",
                            "cpu_core_count": "8",
                            "cpu_threads_per_core": "1",
                            "credit_specification.#": "1",
                            "credit_specification.0.cpu_credits": "standard",
                            "disable_api_termination": "false",
                            "ebs_block_device.#": "0",
                            "ebs_optimized": "false",
                            "ephemeral_block_device.#": "0",
                            "get_password_data": "false",
                            "iam_instance_profile": "",
                            "id": "i-0083bae5516e65780",
                            "instance_state": "running",
                            "instance_type": "t2.2xlarge",
                            "ipv6_addresses.#": "0",
                            "key_name": "aura_ssh_key",
                            "monitoring": "false",
                            "network_interface.#": "0",
                            "network_interface_id": "eni-0cbbb3e65546b0d77",
                            "password_data": "",
                            "placement_group": "",
                            "primary_network_interface_id": "eni-0cbbb3e65546b0d77",
                            "private_dns": "ip-172-31-86-134.ec2.internal",
                            "private_ip": "172.31.86.134",
                            "public_dns": "ec2-34-239-124-74.compute-1.amazonaws.com",
                            "public_ip": "34.239.124.74",
                            "root_block_device.#": "1",
                            "root_block_device.0.delete_on_termination": "true",
                            "root_block_device.0.iops": "225",
                            "root_block_device.0.volume_id": "vol-0095397e58282fd6d",
                            "root_block_device.0.volume_size": "75",
                            "root_block_device.0.volume_type": "gp2",
                            "security_groups.#": "1",
                            "security_groups.1224436441": "terraform-test",
                            "source_dest_check": "true",
                            "subnet_id": "subnet-8b8610a5",
                            "tags.%": "1",
                            "tags.Name": "aura_machine_learning_vm",
                            "tenancy": "default",
                            "volume_tags.%": "0",
                            "vpc_security_group_ids.#": "1",
                            "vpc_security_group_ids.2363468634": "sg-05f6a59a230fbce98"
                        },
                        "meta": {
                            "e2bfb730-ecaa-11e6-8f88-34363bc7c4c0": {
                                "create": 600000000000,
                                "delete": 1200000000000,
                                "update": 600000000000
                            },
                            "schema_version": "1"
                        },
                        "tainted": false
                    },
                    "deposed": [],
                    "provider": "provider.aws"
                },
                "aws_security_group.default": {
                    "type": "aws_security_group",
                    "depends_on": [],
                    "primary": {
                        "id": "sg-05f6a59a230fbce98",
                        "attributes": {
                            "arn": "arn:aws:ec2:us-east-1:687942582816:security-group/sg-05f6a59a230fbce98",
                            "description": "Managed by Terraform",
                            "egress.#": "1",
                            "egress.3483629482.cidr_blocks.#": "1",
                            "egress.3483629482.cidr_blocks.0": "0.0.0.0/0",
                            "egress.3483629482.description": "",
                            "egress.3483629482.from_port": "0",
                            "egress.3483629482.ipv6_cidr_blocks.#": "0",
                            "egress.3483629482.prefix_list_ids.#": "0",
                            "egress.3483629482.protocol": "tcp",
                            "egress.3483629482.security_groups.#": "0",
                            "egress.3483629482.self": "false",
                            "egress.3483629482.to_port": "0",
                            "id": "sg-05f6a59a230fbce98",
                            "ingress.#": "3",
                            "ingress.1799340084.cidr_blocks.#": "1",
                            "ingress.1799340084.cidr_blocks.0": "0.0.0.0/0",
                            "ingress.1799340084.description": "",
                            "ingress.1799340084.from_port": "-1",
                            "ingress.1799340084.ipv6_cidr_blocks.#": "0",
                            "ingress.1799340084.prefix_list_ids.#": "0",
                            "ingress.1799340084.protocol": "icmp",
                            "ingress.1799340084.security_groups.#": "0",
                            "ingress.1799340084.self": "false",
                            "ingress.1799340084.to_port": "-1",
                            "ingress.2175012035.cidr_blocks.#": "1",
                            "ingress.2175012035.cidr_blocks.0": "0.0.0.0/0",
                            "ingress.2175012035.description": "SSH in",
                            "ingress.2175012035.from_port": "22",
                            "ingress.2175012035.ipv6_cidr_blocks.#": "0",
                            "ingress.2175012035.prefix_list_ids.#": "0",
                            "ingress.2175012035.protocol": "tcp",
                            "ingress.2175012035.security_groups.#": "0",
                            "ingress.2175012035.self": "false",
                            "ingress.2175012035.to_port": "22",
                            "ingress.221640087.cidr_blocks.#": "1",
                            "ingress.221640087.cidr_blocks.0": "0.0.0.0/0",
                            "ingress.221640087.description": "HTTP in",
                            "ingress.221640087.from_port": "80",
                            "ingress.221640087.ipv6_cidr_blocks.#": "0",
                            "ingress.221640087.prefix_list_ids.#": "0",
                            "ingress.221640087.protocol": "tcp",
                            "ingress.221640087.security_groups.#": "0",
                            "ingress.221640087.self": "false",
                            "ingress.221640087.to_port": "80",
                            "name": "terraform-test",
                            "owner_id": "687942582816",
                            "revoke_rules_on_delete": "false",
                            "tags.%": "0",
                            "vpc_id": "vpc-641abe1e"
                        },
                        "meta": {
                            "e2bfb730-ecaa-11e6-8f88-34363bc7c4c0": {
                                "create": 600000000000,
                                "delete": 600000000000
                            },
                            "schema_version": "1"
                        },
                        "tainted": false
                    },
                    "deposed": [],
                    "provider": "provider.aws"
                }
            },
            "depends_on": []
        }
    ]
}
